
Microsoft Visual Studio Solution File, Format Version 12.00
# Visual Studio Version 17
VisualStudioVersion = 17.0.31919.166
MinimumVisualStudioVersion = 10.0.40219.1
Project("{9A19103F-16F7-4668-BE54-9A1E7A4F7556}") = "WMS.WebApi", "WMS.WebApi\WMS.WebApi.csproj", "{AB982F41-3927-49EC-9C63-6BCA078E5F76}"
	ProjectSection(ProjectDependencies) = postProject
		{C1188D3B-BE26-40B2-8145-FBBE95143BE7} = {C1188D3B-BE26-40B2-8145-FBBE95143BE7}
	EndProjectSection
EndProject
Project("{9A19103F-16F7-4668-BE54-9A1E7A4F7556}") = "WMS.Database", "WMS.Database\WMS.Database.csproj", "{C1188D3B-BE26-40B2-8145-FBBE95143BE7}"
EndProject
Project("{9A19103F-16F7-4668-BE54-9A1E7A4F7556}") = "WMS.Database.Migrations", "WMS.Database.Migrations\WMS.Database.Migrations.csproj", "{7CBA2C8A-AE7F-4B13-91DD-2CCE36D9B4C2}"
EndProject
Project("{E53339B2-1760-4266-BCC7-CA923CBCF16C}") = "docker-compose", "docker-compose.dcproj", "{78BFE021-0CEA-4514-B44D-F46208BCCA36}"
EndProject
Global
	GlobalSection(SolutionConfigurationPlatforms) = preSolution
		Debug|Any CPU = Debug|Any CPU
		Release|Any CPU = Release|Any CPU
	EndGlobalSection
	GlobalSection(ProjectConfigurationPlatforms) = postSolution
		{AB982F41-3927-49EC-9C63-6BCA078E5F76}.Debug|Any CPU.ActiveCfg = Debug|Any CPU
		{AB982F41-3927-49EC-9C63-6BCA078E5F76}.Debug|Any CPU.Build.0 = Debug|Any CPU
		{AB982F41-3927-49EC-9C63-6BCA078E5F76}.Release|Any CPU.ActiveCfg = Release|Any CPU
		{AB982F41-3927-49EC-9C63-6BCA078E5F76}.Release|Any CPU.Build.0 = Release|Any CPU
		{C1188D3B-BE26-40B2-8145-FBBE95143BE7}.Debug|Any CPU.ActiveCfg = Debug|Any CPU
		{C1188D3B-BE26-40B2-8145-FBBE95143BE7}.Debug|Any CPU.Build.0 = Debug|Any CPU
		{C1188D3B-BE26-40B2-8145-FBBE95143BE7}.Release|Any CPU.ActiveCfg = Release|Any CPU
		{C1188D3B-BE26-40B2-8145-FBBE95143BE7}.Release|Any CPU.Build.0 = Release|Any CPU
		{7CBA2C8A-AE7F-4B13-91DD-2CCE36D9B4C2}.Debug|Any CPU.ActiveCfg = Debug|Any CPU
		{7CBA2C8A-AE7F-4B13-91DD-2CCE36D9B4C2}.Debug|Any CPU.Build.0 = Debug|Any CPU
		{7CBA2C8A-AE7F-4B13-91DD-2CCE36D9B4C2}.Release|Any CPU.ActiveCfg = Release|Any CPU
		{7CBA2C8A-AE7F-4B13-91DD-2CCE36D9B4C2}.Release|Any CPU.Build.0 = Release|Any CPU
		{78BFE021-0CEA-4514-B44D-F46208BCCA36}.Debug|Any CPU.ActiveCfg = Debug|Any CPU
		{78BFE021-0CEA-4514-B44D-F46208BCCA36}.Debug|Any CPU.Build.0 = Debug|Any CPU
		{78BFE021-0CEA-4514-B44D-F46208BCCA36}.Release|Any CPU.ActiveCfg = Release|Any CPU
		{78BFE021-0CEA-4514-B44D-F46208BCCA36}.Release|Any CPU.Build.0 = Release|Any CPU
	EndGlobalSection
	GlobalSection(SolutionProperties) = preSolution
		HideSolutionNode = FALSE
	EndGlobalSection
	GlobalSection(ExtensibilityGlobals) = postSolution
		SolutionGuid = {A4376B46-7DE8-49AC-817D-D6B75541BDB6}
	EndGlobalSection
EndGlobal
